{"1.2.0",
[{<<"jiffy">>,{pkg,<<"jiffy">>,<<"1.1.1">>},0},
 {<<"jose">>,{pkg,<<"jose">>,<<"1.11.2">>},0},
 {<<"nitro_cache">>,{pkg,<<"nitro_cache">>,<<"0.4.1">>},0}]}.
[
{pkg_hash,[
 {<<"jiffy">>, <<"ACA10F47AA91697BF24AB9582C74E00E8E95474C7EF9F76D4F1A338D0F5DE21B">>},
 {<<"jose">>, <<"F4C018CCF4FDCE22C71E44D471F15F723CB3EFAB5D909AB2BA202B5BF35557B3">>},
 {<<"nitro_cache">>, <<"3BA72C92228E71D772FE006C74C957BF95536BEC1647C01D9575385A7F86174F">>}]},
{pkg_hash_ext,[
 {<<"jiffy">>, <<"62E1F0581C3C19C33A725C781DFA88410D8BFF1BBAFC3885A2552286B4785C4C">>},
 {<<"jose">>, <<"98143FBC48D55F3A18DABA82D34FE48959D44538E9697C08F34200FA5F0947D2">>},
 {<<"nitro_cache">>, <<"CC65E7683BE6B2CE26237F3B8C817C106A5A19950A8E58AA95053E2C1C09A078">>}]}
].
